
Microsoft Visual Studio Solution File, Format Version 12.00
# Visual Studio 15
VisualStudioVersion = 15.0.28307.136
MinimumVisualStudioVersion = 10.0.40219.1
Project("{9A19103F-16F7-4668-BE54-9A1E7A4F7556}") = "DNWS", "DNWS.csproj", "{30DF0765-F406-4590-884A-8E742BBA349C}"
EndProject
Global
	GlobalSection(SolutionConfigurationPlatforms) = preSolution
		Debug|Any CPU = Debug|Any CPU
		Release|Any CPU = Release|Any CPU
	EndGlobalSection
	GlobalSection(ProjectConfigurationPlatforms) = postSolution
		{30DF0765-F406-4590-884A-8E742BBA349C}.Debug|Any CPU.ActiveCfg = Debug|Any CPU
		{30DF0765-F406-4590-884A-8E742BBA349C}.Debug|Any CPU.Build.0 = Debug|Any CPU
		{30DF0765-F406-4590-884A-8E742BBA349C}.Release|Any CPU.ActiveCfg = Release|Any CPU
		{30DF0765-F406-4590-884A-8E742BBA349C}.Release|Any CPU.Build.0 = Release|Any CPU
	EndGlobalSection
	GlobalSection(SolutionProperties) = preSolution
		HideSolutionNode = FALSE
	EndGlobalSection
	GlobalSection(ExtensibilityGlobals) = postSolution
		SolutionGuid = {6D576407-96B2-419C-B3D4-DA8E37503D5C}
	EndGlobalSection
EndGlobal
