
Microsoft Visual Studio Solution File, Format Version 12.00
# Visual Studio 15
VisualStudioVersion = 15.0.27703.2047
MinimumVisualStudioVersion = 10.0.40219.1
Project("{9A19103F-16F7-4668-BE54-9A1E7A4F7556}") = "DNWS", "DNWS.csproj", "{A84AB1C1-09F3-40A5-9C7C-B916CA7B7450}"
EndProject
Global
	GlobalSection(SolutionConfigurationPlatforms) = preSolution
		Debug|Any CPU = Debug|Any CPU
		Release|Any CPU = Release|Any CPU
	EndGlobalSection
	GlobalSection(ProjectConfigurationPlatforms) = postSolution
		{A84AB1C1-09F3-40A5-9C7C-B916CA7B7450}.Debug|Any CPU.ActiveCfg = Debug|Any CPU
		{A84AB1C1-09F3-40A5-9C7C-B916CA7B7450}.Debug|Any CPU.Build.0 = Debug|Any CPU
		{A84AB1C1-09F3-40A5-9C7C-B916CA7B7450}.Release|Any CPU.ActiveCfg = Release|Any CPU
		{A84AB1C1-09F3-40A5-9C7C-B916CA7B7450}.Release|Any CPU.Build.0 = Release|Any CPU
	EndGlobalSection
	GlobalSection(SolutionProperties) = preSolution
		HideSolutionNode = FALSE
	EndGlobalSection
	GlobalSection(ExtensibilityGlobals) = postSolution
		SolutionGuid = {5E2DB778-1B2C-4503-8D4E-C91EDB91483C}
	EndGlobalSection
EndGlobal
