
Microsoft Visual Studio Solution File, Format Version 12.00
# Visual Studio 15
VisualStudioVersion = 15.0.27428.2005
MinimumVisualStudioVersion = 10.0.40219.1
Project("{9A19103F-16F7-4668-BE54-9A1E7A4F7556}") = "DNWS", "DNWS.csproj", "{EE9DB1C1-4B6D-4646-85E9-CADAB441EB52}"
EndProject
Global
	GlobalSection(SolutionConfigurationPlatforms) = preSolution
		Debug|Any CPU = Debug|Any CPU
		Release|Any CPU = Release|Any CPU
	EndGlobalSection
	GlobalSection(ProjectConfigurationPlatforms) = postSolution
		{EE9DB1C1-4B6D-4646-85E9-CADAB441EB52}.Debug|Any CPU.ActiveCfg = Debug|Any CPU
		{EE9DB1C1-4B6D-4646-85E9-CADAB441EB52}.Debug|Any CPU.Build.0 = Debug|Any CPU
		{EE9DB1C1-4B6D-4646-85E9-CADAB441EB52}.Release|Any CPU.ActiveCfg = Release|Any CPU
		{EE9DB1C1-4B6D-4646-85E9-CADAB441EB52}.Release|Any CPU.Build.0 = Release|Any CPU
	EndGlobalSection
	GlobalSection(SolutionProperties) = preSolution
		HideSolutionNode = FALSE
	EndGlobalSection
	GlobalSection(ExtensibilityGlobals) = postSolution
		SolutionGuid = {EF126B8E-0932-4255-8960-735157571F53}
	EndGlobalSection
EndGlobal
